{
  "markbot": "8e4d2d4d0765c89c663e8ac860fc001e0ee1e41b70c4166bb18df545e3f5bbb0",
  "markbotignore": "030a4e6e1b3b6b510514a7ae54576e2c2ef762d56236c6414ef634955d96a126",
  "index-320.png": "527c687bef06ec8bce9141ba4c93d56752bffd5345f1d0fc326695e2a728759d",
  "index-400.png": "380b3a9bd61f30d0a0fd3cac02e311cba2118f8fde0a17bbf8edfd260495bf44",
  "index-608.png": "4c10c327307e51f871849d64ca7d1875062cfbcc4c4c7301e1854ae87fd6dea9",
  "index-960.png": "d20238662c9e3e68368b60e5079d3e6437bd9649ec088fa1264b972952d0165a",
  "index-1440.png": "723c900ff0c2b6540357493c1ff014087d680fcd183f23c70b80f65c12cd5326"
}